
Microsoft Visual Studio Solution File, Format Version 12.00
# Visual Studio Version 17
VisualStudioVersion = 17.0.31903.59
MinimumVisualStudioVersion = 10.0.40219.1
Project("{2150E333-8FDC-42A3-9474-1A3956D46DE8}") = "Services", "Services", "{0E4B460D-56F1-43A3-B4C9-87D6F5779747}"
EndProject
Project("{2150E333-8FDC-42A3-9474-1A3956D46DE8}") = "Shared", "Shared", "{BDA74583-5D61-4D01-8DCB-EA9A16536723}"
EndProject
Project("{2150E333-8FDC-42A3-9474-1A3956D46DE8}") = "Catalog", "Catalog", "{22B88020-2218-41CE-9CDB-E32BE1EF21B4}"
EndProject
Project("{FAE04EC0-301F-11D3-BF4B-00C04F79EFBC}") = "Nest.Services.CatalogApi", "Services\Catalog\Nest.Services.CatalogApi\Nest.Services.CatalogApi.csproj", "{EAB31A0F-98A0-4584-A36A-F16E2C8C0159}"
EndProject
Project("{2150E333-8FDC-42A3-9474-1A3956D46DE8}") = "Solution Items", "Solution Items", "{6B3D6247-6BBA-4F42-8DFF-FE01695E4D27}"
	ProjectSection(SolutionItems) = preProject
		Ports.txt = Ports.txt
	EndProjectSection
EndProject
Project("{FAE04EC0-301F-11D3-BF4B-00C04F79EFBC}") = "Nest.Shared", "Shared\Nest.Shared\Nest.Shared.csproj", "{07699EA2-7D48-4FF2-861E-99023313C1B5}"
EndProject
Project("{2150E333-8FDC-42A3-9474-1A3956D46DE8}") = "IdentityServer", "IdentityServer", "{BC443029-DEA4-498A-B119-A5A25A79A85D}"
EndProject
Project("{9A19103F-16F7-4668-BE54-9A1E7A4F7556}") = "Nest.IdentityServer", "IdentitServer\Nest.IdentityServer\Nest.IdentityServer.csproj", "{944A1B73-EE30-46E0-A06A-1139D12A5530}"
EndProject
Project("{2150E333-8FDC-42A3-9474-1A3956D46DE8}") = "PictureStock", "PictureStock", "{3BB137E8-DE5D-4C18-83A9-CFACEE7F5888}"
EndProject
Project("{FAE04EC0-301F-11D3-BF4B-00C04F79EFBC}") = "Nest.Services.PictureStockApi", "Services\PictureStock\Nest.Services.PictureStockApi\Nest.Services.PictureStockApi.csproj", "{BE502C7A-A546-481C-B364-61EE743897CF}"
EndProject
Project("{2150E333-8FDC-42A3-9474-1A3956D46DE8}") = "Basket", "Basket", "{FA7DE35B-5A8C-41C8-8E81-F65DFE192853}"
EndProject
Project("{FAE04EC0-301F-11D3-BF4B-00C04F79EFBC}") = "Nest.Services.BasketApi", "Services\Basket\Nest.Services.BasketApi\Nest.Services.BasketApi.csproj", "{713C67FF-0E5A-413E-86C9-91DA0A93196B}"
EndProject
Project("{2150E333-8FDC-42A3-9474-1A3956D46DE8}") = "Discount", "Discount", "{8766ED25-6A6D-4E78-94C3-457FDAC2B82C}"
EndProject
Project("{FAE04EC0-301F-11D3-BF4B-00C04F79EFBC}") = "Nest.Services.DiscountApi", "Services\Discount\Nest.Services.DiscountApi\Nest.Services.DiscountApi.csproj", "{C892A076-2E25-49E3-BBA3-1C18988F9C70}"
EndProject
Global
	GlobalSection(SolutionConfigurationPlatforms) = preSolution
		Debug|Any CPU = Debug|Any CPU
		Release|Any CPU = Release|Any CPU
	EndGlobalSection
	GlobalSection(ProjectConfigurationPlatforms) = postSolution
		{EAB31A0F-98A0-4584-A36A-F16E2C8C0159}.Debug|Any CPU.ActiveCfg = Debug|Any CPU
		{EAB31A0F-98A0-4584-A36A-F16E2C8C0159}.Debug|Any CPU.Build.0 = Debug|Any CPU
		{EAB31A0F-98A0-4584-A36A-F16E2C8C0159}.Release|Any CPU.ActiveCfg = Release|Any CPU
		{EAB31A0F-98A0-4584-A36A-F16E2C8C0159}.Release|Any CPU.Build.0 = Release|Any CPU
		{07699EA2-7D48-4FF2-861E-99023313C1B5}.Debug|Any CPU.ActiveCfg = Debug|Any CPU
		{07699EA2-7D48-4FF2-861E-99023313C1B5}.Debug|Any CPU.Build.0 = Debug|Any CPU
		{07699EA2-7D48-4FF2-861E-99023313C1B5}.Release|Any CPU.ActiveCfg = Release|Any CPU
		{07699EA2-7D48-4FF2-861E-99023313C1B5}.Release|Any CPU.Build.0 = Release|Any CPU
		{944A1B73-EE30-46E0-A06A-1139D12A5530}.Debug|Any CPU.ActiveCfg = Debug|Any CPU
		{944A1B73-EE30-46E0-A06A-1139D12A5530}.Debug|Any CPU.Build.0 = Debug|Any CPU
		{944A1B73-EE30-46E0-A06A-1139D12A5530}.Release|Any CPU.ActiveCfg = Release|Any CPU
		{944A1B73-EE30-46E0-A06A-1139D12A5530}.Release|Any CPU.Build.0 = Release|Any CPU
		{BE502C7A-A546-481C-B364-61EE743897CF}.Debug|Any CPU.ActiveCfg = Debug|Any CPU
		{BE502C7A-A546-481C-B364-61EE743897CF}.Debug|Any CPU.Build.0 = Debug|Any CPU
		{BE502C7A-A546-481C-B364-61EE743897CF}.Release|Any CPU.ActiveCfg = Release|Any CPU
		{BE502C7A-A546-481C-B364-61EE743897CF}.Release|Any CPU.Build.0 = Release|Any CPU
		{713C67FF-0E5A-413E-86C9-91DA0A93196B}.Debug|Any CPU.ActiveCfg = Debug|Any CPU
		{713C67FF-0E5A-413E-86C9-91DA0A93196B}.Debug|Any CPU.Build.0 = Debug|Any CPU
		{713C67FF-0E5A-413E-86C9-91DA0A93196B}.Release|Any CPU.ActiveCfg = Release|Any CPU
		{713C67FF-0E5A-413E-86C9-91DA0A93196B}.Release|Any CPU.Build.0 = Release|Any CPU
		{C892A076-2E25-49E3-BBA3-1C18988F9C70}.Debug|Any CPU.ActiveCfg = Debug|Any CPU
		{C892A076-2E25-49E3-BBA3-1C18988F9C70}.Debug|Any CPU.Build.0 = Debug|Any CPU
		{C892A076-2E25-49E3-BBA3-1C18988F9C70}.Release|Any CPU.ActiveCfg = Release|Any CPU
		{C892A076-2E25-49E3-BBA3-1C18988F9C70}.Release|Any CPU.Build.0 = Release|Any CPU
	EndGlobalSection
	GlobalSection(SolutionProperties) = preSolution
		HideSolutionNode = FALSE
	EndGlobalSection
	GlobalSection(NestedProjects) = preSolution
		{22B88020-2218-41CE-9CDB-E32BE1EF21B4} = {0E4B460D-56F1-43A3-B4C9-87D6F5779747}
		{EAB31A0F-98A0-4584-A36A-F16E2C8C0159} = {22B88020-2218-41CE-9CDB-E32BE1EF21B4}
		{07699EA2-7D48-4FF2-861E-99023313C1B5} = {BDA74583-5D61-4D01-8DCB-EA9A16536723}
		{944A1B73-EE30-46E0-A06A-1139D12A5530} = {BC443029-DEA4-498A-B119-A5A25A79A85D}
		{3BB137E8-DE5D-4C18-83A9-CFACEE7F5888} = {0E4B460D-56F1-43A3-B4C9-87D6F5779747}
		{BE502C7A-A546-481C-B364-61EE743897CF} = {3BB137E8-DE5D-4C18-83A9-CFACEE7F5888}
		{FA7DE35B-5A8C-41C8-8E81-F65DFE192853} = {0E4B460D-56F1-43A3-B4C9-87D6F5779747}
		{713C67FF-0E5A-413E-86C9-91DA0A93196B} = {FA7DE35B-5A8C-41C8-8E81-F65DFE192853}
		{8766ED25-6A6D-4E78-94C3-457FDAC2B82C} = {0E4B460D-56F1-43A3-B4C9-87D6F5779747}
		{C892A076-2E25-49E3-BBA3-1C18988F9C70} = {8766ED25-6A6D-4E78-94C3-457FDAC2B82C}
	EndGlobalSection
	GlobalSection(ExtensibilityGlobals) = postSolution
		SolutionGuid = {38F6871C-8B1E-4B69-B9C7-8991C4F3DBAD}
	EndGlobalSection
EndGlobal
